// !$*UTF8*$!
{
	archiveVersion = 1;
	classes = {
	};
	objectVersion = 56;
	objects = {

/* Begin PBXBuildFile section */
		394C056A2B07D6E50002731C /* ForniteApp.swift in Sources */ = {isa = PBXBuildFile; fileRef = 394C05692B07D6E50002731C /* ForniteApp.swift */; };
		394C056C2B07D6E50002731C /* ContentView.swift in Sources */ = {isa = PBXBuildFile; fileRef = 394C056B2B07D6E50002731C /* ContentView.swift */; };
		394C056E2B07D6E60002731C /* Assets.xcassets in Resources */ = {isa = PBXBuildFile; fileRef = 394C056D2B07D6E60002731C /* Assets.xcassets */; };
		394C05712B07D6E60002731C /* Preview Assets.xcassets in Resources */ = {isa = PBXBuildFile; fileRef = 394C05702B07D6E60002731C /* Preview Assets.xcassets */; };
		394C057B2B07D6E60002731C /* Fornite_AppTests.swift in Sources */ = {isa = PBXBuildFile; fileRef = 394C057A2B07D6E60002731C /* Fornite_AppTests.swift */; };
		394C05852B07D6E60002731C /* Fornite_AppUITests.swift in Sources */ = {isa = PBXBuildFile; fileRef = 394C05842B07D6E60002731C /* Fornite_AppUITests.swift */; };
		394C05872B07D6E60002731C /* Fornite_AppUITestsLaunchTests.swift in Sources */ = {isa = PBXBuildFile; fileRef = 394C05862B07D6E60002731C /* Fornite_AppUITestsLaunchTests.swift */; };
		394C05942B07D73A0002731C /* API Manager.swift in Sources */ = {isa = PBXBuildFile; fileRef = 394C05932B07D73A0002731C /* API Manager.swift */; };
		39EC4F582B0D15F800B11A39 /* Other Stuff.swift in Sources */ = {isa = PBXBuildFile; fileRef = 39EC4F572B0D15F800B11A39 /* Other Stuff.swift */; };
/* End PBXBuildFile section */

/* Begin PBXContainerItemProxy section */
		394C05772B07D6E60002731C /* PBXContainerItemProxy */ = {
			isa = PBXContainerItemProxy;
			containerPortal = 394C055E2B07D6E50002731C /* Project object */;
			proxyType = 1;
			remoteGlobalIDString = 394C05652B07D6E50002731C;
			remoteInfo = "Fornite App";
		};
		394C05812B07D6E60002731C /* PBXContainerItemProxy */ = {
			isa = PBXContainerItemProxy;
			containerPortal = 394C055E2B07D6E50002731C /* Project object */;
			proxyType = 1;
			remoteGlobalIDString = 394C05652B07D6E50002731C;
			remoteInfo = "Fornite App";
		};
/* End PBXContainerItemProxy section */

/* Begin PBXFileReference section */
		394C05662B07D6E50002731C /* Fornite App.app */ = {isa = PBXFileReference; explicitFileType = wrapper.application; includeInIndex = 0; path = "Fornite App.app"; sourceTree = BUILT_PRODUCTS_DIR; };
		394C05692B07D6E50002731C /* ForniteApp.swift */ = {isa = PBXFileReference; lastKnownFileType = sourcecode.swift; path = ForniteApp.swift; sourceTree = "<group>"; };
		394C056B2B07D6E50002731C /* ContentView.swift */ = {isa = PBXFileReference; lastKnownFileType = sourcecode.swift; path = ContentView.swift; sourceTree = "<group>"; };
		394C056D2B07D6E60002731C /* Assets.xcassets */ = {isa = PBXFileReference; lastKnownFileType = folder.assetcatalog; path = Assets.xcassets; sourceTree = "<group>"; };
		394C05702B07D6E60002731C /* Preview Assets.xcassets */ = {isa = PBXFileReference; lastKnownFileType = folder.assetcatalog; path = "Preview Assets.xcassets"; sourceTree = "<group>"; };
		394C05762B07D6E60002731C /* Fornite AppTests.xctest */ = {isa = PBXFileReference; explicitFileType = wrapper.cfbundle; includeInIndex = 0; path = "Fornite AppTests.xctest"; sourceTree = BUILT_PRODUCTS_DIR; };
		394C057A2B07D6E60002731C /* Fornite_AppTests.swift */ = {isa = PBXFileReference; lastKnownFileType = sourcecode.swift; path = Fornite_AppTests.swift; sourceTree = "<group>"; };
		394C05802B07D6E60002731C /* Fornite AppUITests.xctest */ = {isa = PBXFileReference; explicitFileType = wrapper.cfbundle; includeInIndex = 0; path = "Fornite AppUITests.xctest"; sourceTree = BUILT_PRODUCTS_DIR; };
		394C05842B07D6E60002731C /* Fornite_AppUITests.swift */ = {isa = PBXFileReference; lastKnownFileType = sourcecode.swift; path = Fornite_AppUITests.swift; sourceTree = "<group>"; };
		394C05862B07D6E60002731C /* Fornite_AppUITestsLaunchTests.swift */ = {isa = PBXFileReference; lastKnownFileType = sourcecode.swift; path = Fornite_AppUITestsLaunchTests.swift; sourceTree = "<group>"; };
		394C05932B07D73A0002731C /* API Manager.swift */ = {isa = PBXFileReference; lastKnownFileType = sourcecode.swift; path = "API Manager.swift"; sourceTree = "<group>"; };
		39EC4F572B0D15F800B11A39 /* Other Stuff.swift */ = {isa = PBXFileReference; lastKnownFileType = sourcecode.swift; path = "Other Stuff.swift"; sourceTree = "<group>"; };
/* End PBXFileReference section */

/* Begin PBXFrameworksBuildPhase section */
		394C05632B07D6E50002731C /* Frameworks */ = {
			isa = PBXFrameworksBuildPhase;
			buildActionMask = 2147483647;
			files = (
			);
			runOnlyForDeploymentPostprocessing = 0;
		};
		394C05732B07D6E60002731C /* Frameworks */ = {
			isa = PBXFrameworksBuildPhase;
			buildActionMask = 2147483647;
			files = (
			);
			runOnlyForDeploymentPostprocessing = 0;
		};
		394C057D2B07D6E60002731C /* Frameworks */ = {
			isa = PBXFrameworksBuildPhase;
			buildActionMask = 2147483647;
			files = (
			);
			runOnlyForDeploymentPostprocessing = 0;
		};
/* End PBXFrameworksBuildPhase section */

/* Begin PBXGroup section */
		394C055D2B07D6E50002731C = {
			isa = PBXGroup;
			children = (
				394C05682B07D6E50002731C /* Fornite App */,
				394C05792B07D6E60002731C /* Fornite AppTests */,
				394C05832B07D6E60002731C /* Fornite AppUITests */,
				394C05672B07D6E50002731C /* Products */,
			);
			sourceTree = "<group>";
		};
		394C05672B07D6E50002731C /* Products */ = {
			isa = PBXGroup;
			children = (
				394C05662B07D6E50002731C /* Fornite App.app */,
				394C05762B07D6E60002731C /* Fornite AppTests.xctest */,
				394C05802B07D6E60002731C /* Fornite AppUITests.xctest */,
			);
			name = Products;
			sourceTree = "<group>";
		};
		394C05682B07D6E50002731C /* Fornite App */ = {
			isa = PBXGroup;
			children = (
				394C05692B07D6E50002731C /* ForniteApp.swift */,
				394C056B2B07D6E50002731C /* ContentView.swift */,
				39EC4F572B0D15F800B11A39 /* Other Stuff.swift */,
				394C05932B07D73A0002731C /* API Manager.swift */,
				394C056D2B07D6E60002731C /* Assets.xcassets */,
				394C056F2B07D6E60002731C /* Preview Content */,
			);
			path = "Fornite App";
			sourceTree = "<group>";
		};
		394C056F2B07D6E60002731C /* Preview Content */ = {
			isa = PBXGroup;
			children = (
				394C05702B07D6E60002731C /* Preview Assets.xcassets */,
			);
			path = "Preview Content";
			sourceTree = "<group>";
		};
		394C05792B07D6E60002731C /* Fornite AppTests */ = {
			isa = PBXGroup;
			children = (
				394C057A2B07D6E60002731C /* Fornite_AppTests.swift */,
			);
			path = "Fornite AppTests";
			sourceTree = "<group>";
		};
		394C05832B07D6E60002731C /* Fornite AppUITests */ = {
			isa = PBXGroup;
			children = (
				394C05842B07D6E60002731C /* Fornite_AppUITests.swift */,
				394C05862B07D6E60002731C /* Fornite_AppUITestsLaunchTests.swift */,
			);
			path = "Fornite AppUITests";
			sourceTree = "<group>";
		};
/* End PBXGroup section */

/* Begin PBXNativeTarget section */
		394C05652B07D6E50002731C /* Fornite App */ = {
			isa = PBXNativeTarget;
			buildConfigurationList = 394C058A2B07D6E60002731C /* Build configuration list for PBXNativeTarget "Fornite App" */;
			buildPhases = (
				394C05622B07D6E50002731C /* Sources */,
				394C05632B07D6E50002731C /* Frameworks */,
				394C05642B07D6E50002731C /* Resources */,
			);
			buildRules = (
			);
			dependencies = (
			);
			name = "Fornite App";
			productName = "Fornite App";
			productReference = 394C05662B07D6E50002731C /* Fornite App.app */;
			productType = "com.apple.product-type.application";
		};
		394C05752B07D6E60002731C /* Fornite AppTests */ = {
			isa = PBXNativeTarget;
			buildConfigurationList = 394C058D2B07D6E60002731C /* Build configuration list for PBXNativeTarget "Fornite AppTests" */;
			buildPhases = (
				394C05722B07D6E60002731C /* Sources */,
				394C05732B07D6E60002731C /* Frameworks */,
				394C05742B07D6E60002731C /* Resources */,
			);
			buildRules = (
			);
			dependencies = (
				394C05782B07D6E60002731C /* PBXTargetDependency */,
			);
			name = "Fornite AppTests";
			productName = "Fornite AppTests";
			productReference = 394C05762B07D6E60002731C /* Fornite AppTests.xctest */;
			productType = "com.apple.product-type.bundle.unit-test";
		};
		394C057F2B07D6E60002731C /* Fornite AppUITests */ = {
			isa = PBXNativeTarget;
			buildConfigurationList = 394C05902B07D6E60002731C /* Build configuration list for PBXNativeTarget "Fornite AppUITests" */;
			buildPhases = (
				394C057C2B07D6E60002731C /* Sources */,
				394C057D2B07D6E60002731C /* Frameworks */,
				394C057E2B07D6E60002731C /* Resources */,
			);
			buildRules = (
			);
			dependencies = (
				394C05822B07D6E60002731C /* PBXTargetDependency */,
			);
			name = "Fornite AppUITests";
			productName = "Fornite AppUITests";
			productReference = 394C05802B07D6E60002731C /* Fornite AppUITests.xctest */;
			productType = "com.apple.product-type.bundle.ui-testing";
		};
/* End PBXNativeTarget section */

/* Begin PBXProject section */
		394C055E2B07D6E50002731C /* Project object */ = {
			isa = PBXProject;
			attributes = {
				BuildIndependentTargetsInParallel = 1;
				LastSwiftUpdateCheck = 1500;
				LastUpgradeCheck = 1500;
				TargetAttributes = {
					394C05652B07D6E50002731C = {
						CreatedOnToolsVersion = 15.0.1;
					};
					394C05752B07D6E60002731C = {
						CreatedOnToolsVersion = 15.0.1;
						TestTargetID = 394C05652B07D6E50002731C;
					};
					394C057F2B07D6E60002731C = {
						CreatedOnToolsVersion = 15.0.1;
						TestTargetID = 394C05652B07D6E50002731C;
					};
				};
			};
			buildConfigurationList = 394C05612B07D6E50002731C /* Build configuration list for PBXProject "Fornite App" */;
			compatibilityVersion = "Xcode 14.0";
			developmentRegion = en;
			hasScannedForEncodings = 0;
			knownRegions = (
				en,
				Base,
			);
			mainGroup = 394C055D2B07D6E50002731C;
			productRefGroup = 394C05672B07D6E50002731C /* Products */;
			projectDirPath = "";
			projectRoot = "";
			targets = (
				394C05652B07D6E50002731C /* Fornite App */,
				394C05752B07D6E60002731C /* Fornite AppTests */,
				394C057F2B07D6E60002731C /* Fornite AppUITests */,
			);
		};
/* End PBXProject section */

/* Begin PBXResourcesBuildPhase section */
		394C05642B07D6E50002731C /* Resources */ = {
			isa = PBXResourcesBuildPhase;
			buildActionMask = 2147483647;
			files = (
				394C05712B07D6E60002731C /* Preview Assets.xcassets in Resources */,
				394C056E2B07D6E60002731C /* Assets.xcassets in Resources */,
			);
			runOnlyForDeploymentPostprocessing = 0;
		};
		394C05742B07D6E60002731C /* Resources */ = {
			isa = PBXResourcesBuildPhase;
			buildActionMask = 2147483647;
			files = (
			);
			runOnlyForDeploymentPostprocessing = 0;
		};
		394C057E2B07D6E60002731C /* Resources */ = {
			isa = PBXResourcesBuildPhase;
			buildActionMask = 2147483647;
			files = (
			);
			runOnlyForDeploymentPostprocessing = 0;
		};
/* End PBXResourcesBuildPhase section */

/* Begin PBXSourcesBuildPhase section */
		394C05622B07D6E50002731C /* Sources */ = {
			isa = PBXSourcesBuildPhase;
			buildActionMask = 2147483647;
			files = (
				394C056C2B07D6E50002731C /* ContentView.swift in Sources */,
				394C05942B07D73A0002731C /* API Manager.swift in Sources */,
				394C056A2B07D6E50002731C /* ForniteApp.swift in Sources */,
				39EC4F582B0D15F800B11A39 /* Other Stuff.swift in Sources */,
			);
			runOnlyForDeploymentPostprocessing = 0;
		};
		394C05722B07D6E60002731C /* Sources */ = {
			isa = PBXSourcesBuildPhase;
			buildActionMask = 2147483647;
			files = (
				394C057B2B07D6E60002731C /* Fornite_AppTests.swift in Sources */,
			);
			runOnlyForDeploymentPostprocessing = 0;
		};
		394C057C2B07D6E60002731C /* Sources */ = {
			isa = PBXSourcesBuildPhase;
			buildActionMask = 2147483647;
			files = (
				394C05872B07D6E60002731C /* Fornite_AppUITestsLaunchTests.swift in Sources */,
				394C05852B07D6E60002731C /* Fornite_AppUITests.swift in Sources */,
			);
			runOnlyForDeploymentPostprocessing = 0;
		};
/* End PBXSourcesBuildPhase section */

/* Begin PBXTargetDependency section */
		394C05782B07D6E60002731C /* PBXTargetDependency */ = {
			isa = PBXTargetDependency;
			target = 394C05652B07D6E50002731C /* Fornite App */;
			targetProxy = 394C05772B07D6E60002731C /* PBXContainerItemProxy */;
		};
		394C05822B07D6E60002731C /* PBXTargetDependency */ = {
			isa = PBXTargetDependency;
			target = 394C05652B07D6E50002731C /* Fornite App */;
			targetProxy = 394C05812B07D6E60002731C /* PBXContainerItemProxy */;
		};
/* End PBXTargetDependency section */

/* Begin XCBuildConfiguration section */
		394C05882B07D6E60002731C /* Debug */ = {
			isa = XCBuildConfiguration;
			buildSettings = {
				ALWAYS_SEARCH_USER_PATHS = NO;
				ASSETCATALOG_COMPILER_GENERATE_SWIFT_ASSET_SYMBOL_EXTENSIONS = YES;
				CLANG_ANALYZER_NONNULL = YES;
				CLANG_ANALYZER_NUMBER_OBJECT_CONVERSION = YES_AGGRESSIVE;
				CLANG_CXX_LANGUAGE_STANDARD = "gnu++20";
				CLANG_ENABLE_MODULES = YES;
				CLANG_ENABLE_OBJC_ARC = YES;
				CLANG_ENABLE_OBJC_WEAK = YES;
				CLANG_WARN_BLOCK_CAPTURE_AUTORELEASING = YES;
				CLANG_WARN_BOOL_CONVERSION = YES;
				CLANG_WARN_COMMA = YES;
				CLANG_WARN_CONSTANT_CONVERSION = YES;
				CLANG_WARN_DEPRECATED_OBJC_IMPLEMENTATIONS = YES;
				CLANG_WARN_DIRECT_OBJC_ISA_USAGE = YES_ERROR;
				CLANG_WARN_DOCUMENTATION_COMMENTS = YES;
				CLANG_WARN_EMPTY_BODY = YES;
				CLANG_WARN_ENUM_CONVERSION = YES;
				CLANG_WARN_INFINITE_RECURSION = YES;
				CLANG_WARN_INT_CONVERSION = YES;
				CLANG_WARN_NON_LITERAL_NULL_CONVERSION = YES;
				CLANG_WARN_OBJC_IMPLICIT_RETAIN_SELF = YES;
				CLANG_WARN_OBJC_LITERAL_CONVERSION = YES;
				CLANG_WARN_OBJC_ROOT_CLASS = YES_ERROR;
				CLANG_WARN_QUOTED_INCLUDE_IN_FRAMEWORK_HEADER = YES;
				CLANG_WARN_RANGE_LOOP_ANALYSIS = YES;
				CLANG_WARN_STRICT_PROTOTYPES = YES;
				CLANG_WARN_SUSPICIOUS_MOVE = YES;
				CLANG_WARN_UNGUARDED_AVAILABILITY = YES_AGGRESSIVE;
				CLANG_WARN_UNREACHABLE_CODE = YES;
				CLANG_WARN__DUPLICATE_METHOD_MATCH = YES;
				COPY_PHASE_STRIP = NO;
				DEBUG_INFORMATION_FORMAT = dwarf;
				ENABLE_STRICT_OBJC_MSGSEND = YES;
				ENABLE_TESTABILITY = YES;
				ENABLE_USER_SCRIPT_SANDBOXING = YES;
				GCC_C_LANGUAGE_STANDARD = gnu17;
				GCC_DYNAMIC_NO_PIC = NO;
				GCC_NO_COMMON_BLOCKS = YES;
				GCC_OPTIMIZATION_LEVEL = 0;
				GCC_PREPROCESSOR_DEFINITIONS = (
					"DEBUG=1",
					"$(inherited)",
				);
				GCC_WARN_64_TO_32_BIT_CONVERSION = YES;
				GCC_WARN_ABOUT_RETURN_TYPE = YES_ERROR;
				GCC_WARN_UNDECLARED_SELECTOR = YES;
				GCC_WARN_UNINITIALIZED_AUTOS = YES_AGGRESSIVE;
				GCC_WARN_UNUSED_FUNCTION = YES;
				GCC_WARN_UNUSED_VARIABLE = YES;
				IPHONEOS_DEPLOYMENT_TARGET = 17.0;
				LOCALIZATION_PREFERS_STRING_CATALOGS = YES;
				MTL_ENABLE_DEBUG_INFO = INCLUDE_SOURCE;
				MTL_FAST_MATH = YES;
				ONLY_ACTIVE_ARCH = YES;
				SDKROOT = iphoneos;
				SWIFT_ACTIVE_COMPILATION_CONDITIONS = "DEBUG $(inherited)";
				SWIFT_OPTIMIZATION_LEVEL = "-Onone";
			};
			name = Debug;
		};
		394C05892B07D6E60002731C /* Release */ = {
			isa = XCBuildConfiguration;
			buildSettings = {
				ALWAYS_SEARCH_USER_PATHS = NO;
				ASSETCATALOG_COMPILER_GENERATE_SWIFT_ASSET_SYMBOL_EXTENSIONS = YES;
				CLANG_ANALYZER_NONNULL = YES;
				CLANG_ANALYZER_NUMBER_OBJECT_CONVERSION = YES_AGGRESSIVE;
				CLANG_CXX_LANGUAGE_STANDARD = "gnu++20";
				CLANG_ENABLE_MODULES = YES;
				CLANG_ENABLE_OBJC_ARC = YES;
				CLANG_ENABLE_OBJC_WEAK = YES;
				CLANG_WARN_BLOCK_CAPTURE_AUTORELEASING = YES;
				CLANG_WARN_BOOL_CONVERSION = YES;
				CLANG_WARN_COMMA = YES;
				CLANG_WARN_CONSTANT_CONVERSION = YES;
				CLANG_WARN_DEPRECATED_OBJC_IMPLEMENTATIONS = YES;
				CLANG_WARN_DIRECT_OBJC_ISA_USAGE = YES_ERROR;
				CLANG_WARN_DOCUMENTATION_COMMENTS = YES;
				CLANG_WARN_EMPTY_BODY = YES;
				CLANG_WARN_ENUM_CONVERSION = YES;
				CLANG_WARN_INFINITE_RECURSION = YES;
				CLANG_WARN_INT_CONVERSION = YES;
				CLANG_WARN_NON_LITERAL_NULL_CONVERSION = YES;
				CLANG_WARN_OBJC_IMPLICIT_RETAIN_SELF = YES;
				CLANG_WARN_OBJC_LITERAL_CONVERSION = YES;
				CLANG_WARN_OBJC_ROOT_CLASS = YES_ERROR;
				CLANG_WARN_QUOTED_INCLUDE_IN_FRAMEWORK_HEADER = YES;
				CLANG_WARN_RANGE_LOOP_ANALYSIS = YES;
				CLANG_WARN_STRICT_PROTOTYPES = YES;
				CLANG_WARN_SUSPICIOUS_MOVE = YES;
				CLANG_WARN_UNGUARDED_AVAILABILITY = YES_AGGRESSIVE;
				CLANG_WARN_UNREACHABLE_CODE = YES;
				CLANG_WARN__DUPLICATE_METHOD_MATCH = YES;
				COPY_PHASE_STRIP = NO;
				DEBUG_INFORMATION_FORMAT = "dwarf-with-dsym";
				ENABLE_NS_ASSERTIONS = NO;
				ENABLE_STRICT_OBJC_MSGSEND = YES;
				ENABLE_USER_SCRIPT_SANDBOXING = YES;
				GCC_C_LANGUAGE_STANDARD = gnu17;
				GCC_NO_COMMON_BLOCKS = YES;
				GCC_WARN_64_TO_32_BIT_CONVERSION = YES;
				GCC_WARN_ABOUT_RETURN_TYPE = YES_ERROR;
				GCC_WARN_UNDECLARED_SELECTOR = YES;
				GCC_WARN_UNINITIALIZED_AUTOS = YES_AGGRESSIVE;
				GCC_WARN_UNUSED_FUNCTION = YES;
				GCC_WARN_UNUSED_VARIABLE = YES;
				IPHONEOS_DEPLOYMENT_TARGET = 17.0;
				LOCALIZATION_PREFERS_STRING_CATALOGS = YES;
				MTL_ENABLE_DEBUG_INFO = NO;
				MTL_FAST_MATH = YES;
				SDKROOT = iphoneos;
				SWIFT_COMPILATION_MODE = wholemodule;
				VALIDATE_PRODUCT = YES;
			};
			name = Release;
		};
		394C058B2B07D6E60002731C /* Debug */ = {
			isa = XCBuildConfiguration;
			buildSettings = {
				ASSETCATALOG_COMPILER_APPICON_NAME = AppIcon;
				ASSETCATALOG_COMPILER_GLOBAL_ACCENT_COLOR_NAME = AccentColor;
				CODE_SIGN_STYLE = Automatic;
				CURRENT_PROJECT_VERSION = 1;
				DEVELOPMENT_ASSET_PATHS = "\"Fornite App/Preview Content\"";
				ENABLE_PREVIEWS = YES;
				GENERATE_INFOPLIST_FILE = YES;
				INFOPLIST_KEY_UIApplicationSceneManifest_Generation = YES;
				INFOPLIST_KEY_UIApplicationSupportsIndirectInputEvents = YES;
				INFOPLIST_KEY_UILaunchScreen_Generation = YES;
				INFOPLIST_KEY_UISupportedInterfaceOrientations_iPad = "UIInterfaceOrientationPortrait UIInterfaceOrientationPortraitUpsideDown UIInterfaceOrientationLandscapeLeft UIInterfaceOrientationLandscapeRight";
				INFOPLIST_KEY_UISupportedInterfaceOrientations_iPhone = "UIInterfaceOrientationPortrait UIInterfaceOrientationLandscapeLeft UIInterfaceOrientationLandscapeRight";
				LD_RUNPATH_SEARCH_PATHS = (
					"$(inherited)",
					"@executable_path/Frameworks",
				);
				MARKETING_VERSION = 1.0;
				PRODUCT_BUNDLE_IDENTIFIER = "PHS.Fornite-App";
				PRODUCT_NAME = "$(TARGET_NAME)";
				SWIFT_EMIT_LOC_STRINGS = YES;
				SWIFT_VERSION = 5.0;
				TARGETED_DEVICE_FAMILY = "1,2";
			};
			name = Debug;
		};
		394C058C2B07D6E60002731C /* Release */ = {
			isa = XCBuildConfiguration;
			buildSettings = {
				ASSETCATALOG_COMPILER_APPICON_NAME = AppIcon;
				ASSETCATALOG_COMPILER_GLOBAL_ACCENT_COLOR_NAME = AccentColor;
				CODE_SIGN_STYLE = Automatic;
				CURRENT_PROJECT_VERSION = 1;
				DEVELOPMENT_ASSET_PATHS = "\"Fornite App/Preview Content\"";
				ENABLE_PREVIEWS = YES;
				GENERATE_INFOPLIST_FILE = YES;
				INFOPLIST_KEY_UIApplicationSceneManifest_Generation = YES;
				INFOPLIST_KEY_UIApplicationSupportsIndirectInputEvents = YES;
				INFOPLIST_KEY_UILaunchScreen_Generation = YES;
				INFOPLIST_KEY_UISupportedInterfaceOrientations_iPad = "UIInterfaceOrientationPortrait UIInterfaceOrientationPortraitUpsideDown UIInterfaceOrientationLandscapeLeft UIInterfaceOrientationLandscapeRight";
				INFOPLIST_KEY_UISupportedInterfaceOrientations_iPhone = "UIInterfaceOrientationPortrait UIInterfaceOrientationLandscapeLeft UIInterfaceOrientationLandscapeRight";
				LD_RUNPATH_SEARCH_PATHS = (
					"$(inherited)",
					"@executable_path/Frameworks",
				);
				MARKETING_VERSION = 1.0;
				PRODUCT_BUNDLE_IDENTIFIER = "PHS.Fornite-App";
				PRODUCT_NAME = "$(TARGET_NAME)";
				SWIFT_EMIT_LOC_STRINGS = YES;
				SWIFT_VERSION = 5.0;
				TARGETED_DEVICE_FAMILY = "1,2";
			};
			name = Release;
		};
		394C058E2B07D6E60002731C /* Debug */ = {
			isa = XCBuildConfiguration;
			buildSettings = {
				ALWAYS_EMBED_SWIFT_STANDARD_LIBRARIES = YES;
				BUNDLE_LOADER = "$(TEST_HOST)";
				CODE_SIGN_STYLE = Automatic;
				CURRENT_PROJECT_VERSION = 1;
				GENERATE_INFOPLIST_FILE = YES;
				IPHONEOS_DEPLOYMENT_TARGET = 17.0;
				MARKETING_VERSION = 1.0;
				PRODUCT_BUNDLE_IDENTIFIER = "PHS.Fornite-AppTests";
				PRODUCT_NAME = "$(TARGET_NAME)";
				SWIFT_EMIT_LOC_STRINGS = NO;
				SWIFT_VERSION = 5.0;
				TARGETED_DEVICE_FAMILY = "1,2";
				TEST_HOST = "$(BUILT_PRODUCTS_DIR)/Fornite App.app/$(BUNDLE_EXECUTABLE_FOLDER_PATH)/Fornite App";
			};
			name = Debug;
		};
		394C058F2B07D6E60002731C /* Release */ = {
			isa = XCBuildConfiguration;
			buildSettings = {
				ALWAYS_EMBED_SWIFT_STANDARD_LIBRARIES = YES;
				BUNDLE_LOADER = "$(TEST_HOST)";
				CODE_SIGN_STYLE = Automatic;
				CURRENT_PROJECT_VERSION = 1;
				GENERATE_INFOPLIST_FILE = YES;
				IPHONEOS_DEPLOYMENT_TARGET = 17.0;
				MARKETING_VERSION = 1.0;
				PRODUCT_BUNDLE_IDENTIFIER = "PHS.Fornite-AppTests";
				PRODUCT_NAME = "$(TARGET_NAME)";
				SWIFT_EMIT_LOC_STRINGS = NO;
				SWIFT_VERSION = 5.0;
				TARGETED_DEVICE_FAMILY = "1,2";
				TEST_HOST = "$(BUILT_PRODUCTS_DIR)/Fornite App.app/$(BUNDLE_EXECUTABLE_FOLDER_PATH)/Fornite App";
			};
			name = Release;
		};
		394C05912B07D6E60002731C /* Debug */ = {
			isa = XCBuildConfiguration;
			buildSettings = {
				ALWAYS_EMBED_SWIFT_STANDARD_LIBRARIES = YES;
				CODE_SIGN_STYLE = Automatic;
				CURRENT_PROJECT_VERSION = 1;
				GENERATE_INFOPLIST_FILE = YES;
				MARKETING_VERSION = 1.0;
				PRODUCT_BUNDLE_IDENTIFIER = "PHS.Fornite-AppUITests";
				PRODUCT_NAME = "$(TARGET_NAME)";
				SWIFT_EMIT_LOC_STRINGS = NO;
				SWIFT_VERSION = 5.0;
				TARGETED_DEVICE_FAMILY = "1,2";
				TEST_TARGET_NAME = "Fornite App";
			};
			name = Debug;
		};
		394C05922B07D6E60002731C /* Release */ = {
			isa = XCBuildConfiguration;
			buildSettings = {
				ALWAYS_EMBED_SWIFT_STANDARD_LIBRARIES = YES;
				CODE_SIGN_STYLE = Automatic;
				CURRENT_PROJECT_VERSION = 1;
				GENERATE_INFOPLIST_FILE = YES;
				MARKETING_VERSION = 1.0;
				PRODUCT_BUNDLE_IDENTIFIER = "PHS.Fornite-AppUITests";
				PRODUCT_NAME = "$(TARGET_NAME)";
				SWIFT_EMIT_LOC_STRINGS = NO;
				SWIFT_VERSION = 5.0;
				TARGETED_DEVICE_FAMILY = "1,2";
				TEST_TARGET_NAME = "Fornite App";
			};
			name = Release;
		};
/* End XCBuildConfiguration section */

/* Begin XCConfigurationList section */
		394C05612B07D6E50002731C /* Build configuration list for PBXProject "Fornite App" */ = {
			isa = XCConfigurationList;
			buildConfigurations = (
				394C05882B07D6E60002731C /* Debug */,
				394C05892B07D6E60002731C /* Release */,
			);
			defaultConfigurationIsVisible = 0;
			defaultConfigurationName = Release;
		};
		394C058A2B07D6E60002731C /* Build configuration list for PBXNativeTarget "Fornite App" */ = {
			isa = XCConfigurationList;
			buildConfigurations = (
				394C058B2B07D6E60002731C /* Debug */,
				394C058C2B07D6E60002731C /* Release */,
			);
			defaultConfigurationIsVisible = 0;
			defaultConfigurationName = Release;
		};
		394C058D2B07D6E60002731C /* Build configuration list for PBXNativeTarget "Fornite AppTests" */ = {
			isa = XCConfigurationList;
			buildConfigurations = (
				394C058E2B07D6E60002731C /* Debug */,
				394C058F2B07D6E60002731C /* Release */,
			);
			defaultConfigurationIsVisible = 0;
			defaultConfigurationName = Release;
		};
		394C05902B07D6E60002731C /* Build configuration list for PBXNativeTarget "Fornite AppUITests" */ = {
			isa = XCConfigurationList;
			buildConfigurations = (
				394C05912B07D6E60002731C /* Debug */,
				394C05922B07D6E60002731C /* Release */,
			);
			defaultConfigurationIsVisible = 0;
			defaultConfigurationName = Release;
		};
/* End XCConfigurationList section */
	};
	rootObject = 394C055E2B07D6E50002731C /* Project object */;
}
